
Microsoft Visual Studio Solution File, Format Version 12.00
# Visual Studio Version 16
VisualStudioVersion = 16.0.30225.117
MinimumVisualStudioVersion = 10.0.40219.1
Project("{FAE04EC0-301F-11D3-BF4B-00C04F79EFBC}") = "resistance", "resistance\resistance.csproj", "{F8367DB2-0145-4DDC-92A0-EC6433E99166}"
EndProject
Global
	GlobalSection(SolutionConfigurationPlatforms) = preSolution
		Debug|Any CPU = Debug|Any CPU
		Release|Any CPU = Release|Any CPU
	EndGlobalSection
	GlobalSection(ProjectConfigurationPlatforms) = postSolution
		{F8367DB2-0145-4DDC-92A0-EC6433E99166}.Debug|Any CPU.ActiveCfg = Debug|Any CPU
		{F8367DB2-0145-4DDC-92A0-EC6433E99166}.Debug|Any CPU.Build.0 = Debug|Any CPU
		{F8367DB2-0145-4DDC-92A0-EC6433E99166}.Release|Any CPU.ActiveCfg = Release|Any CPU
		{F8367DB2-0145-4DDC-92A0-EC6433E99166}.Release|Any CPU.Build.0 = Release|Any CPU
	EndGlobalSection
	GlobalSection(SolutionProperties) = preSolution
		HideSolutionNode = FALSE
	EndGlobalSection
	GlobalSection(ExtensibilityGlobals) = postSolution
		SolutionGuid = {1BD2CB81-45E2-4F20-A0A1-05F26C559952}
	EndGlobalSection
EndGlobal
